{
  "lockfile_version": "1",
  "packages": {
    "git@latest": {
      "last_modified": "2026-01-23T17:20:52Z",
      "resolved": "github:NixOS/nixpkgs/a1bab9e494f5f4939442a57a58d0449a109593fe#git",
      "source": "devbox-search",
      "version": "2.52.0",
      "systems": {
        "aarch64-darwin": {
          "outputs": [
            {
              "name": "out",
              "path": "/nix/store/vnhprisb777byfjpp5mdd0mxwkpvhbc0-git-2.52.0",
              "default": true
            },
            {
              "name": "doc",
              "path": "/nix/store/p0dx3053175fpr3kjf0fqgs9x6gm3dri-git-2.52.0-doc"
            }
          ],
          "store_path": "/nix/store/vnhprisb777byfjpp5mdd0mxwkpvhbc0-git-2.52.0"
        },
        "aarch64-linux": {
          "outputs": [
            {
              "name": "out",
              "path": "/nix/store/sd4bjblxfljbm13mpl50x8g336gw2dri-git-2.52.0",
              "default": true
            },
            {
              "name": "debug",
              "path": "/nix/store/cx033x4nmr12d9dcn8hxjfrajc3983f0-git-2.52.0-debug"
            },
            {
              "name": "doc",
              "path": "/nix/store/ylsmgdrnp78p8hn7n9lxpada78dka41v-git-2.52.0-doc"
            }
          ],
          "store_path": "/nix/store/sd4bjblxfljbm13mpl50x8g336gw2dri-git-2.52.0"
        },
        "x86_64-darwin": {
          "outputs": [
            {
              "name": "out",
              "path": "/nix/store/sr42bfqa0pc2ysba678mrm49g78jdynp-git-2.52.0",
              "default": true
            },
            {
              "name": "doc",
              "path": "/nix/store/fky0ci2bhwgyh9klg5682pmqswqg7wk4-git-2.52.0-doc"
            }
          ],
          "store_path": "/nix/store/sr42bfqa0pc2ysba678mrm49g78jdynp-git-2.52.0"
        },
        "x86_64-linux": {
          "outputs": [
            {
              "name": "out",
              "path": "/nix/store/ipwndaag56mm8g8gn8j98z0jvn8x4mk1-git-2.52.0",
              "default": true
            },
            {
              "name": "debug",
              "path": "/nix/store/zd8di23fmzjwrhb5ij1bjnlfqkx9j7d6-git-2.52.0-debug"
            },
            {
              "name": "doc",
              "path": "/nix/store/d8kc4kqzcrbcj92msxrpdsdjglh2q5gp-git-2.52.0-doc"
            }
          ],
          "store_path": "/nix/store/ipwndaag56mm8g8gn8j98z0jvn8x4mk1-git-2.52.0"
        }
      }
    },
    "github:NixOS/nixpkgs/nixpkgs-unstable": {
      "last_modified": "2026-01-30T02:32:49Z",
      "resolved": "github:NixOS/nixpkgs/6308c3b21396534d8aaeac46179c14c439a89b8a?lastModified=1769740369&narHash=sha256-xKPyJoMoXfXpDM5DFDZDsi9PHArf2k5BJjvReYXoFpM%3D"
    },
    "gnumake@latest": {
      "last_modified": "2026-01-24T15:20:28Z",
      "resolved": "github:NixOS/nixpkgs/ab9fbbcf4858bd6d40ba2bbec37ceb4ab6e1f562#gnumake",
      "source": "devbox-search",
      "version": "4.4.1",
      "systems": {
        "aarch64-darwin": {
          "outputs": [
            {
              "name": "out",
              "path": "/nix/store/cz4rjcd28s9qqk2zcnn9d8pgs5l6qqy9-gnumake-4.4.1",
              "default": true
            },
            {
              "name": "man",
              "path": "/nix/store/2cd4idcvj4fnn4ss1ffz9fqagfhvjpy1-gnumake-4.4.1-man",
              "default": true
            },
            {
              "name": "doc",
              "path": "/nix/store/8cnmyqhnlxpl7k9z15cridfdd9kka64b-gnumake-4.4.1-doc"
            },
            {
              "name": "info",
              "path": "/nix/store/jar06k1k53zsig2iah8vaw1y9r0wxa55-gnumake-4.4.1-info"
            }
          ],
          "store_path": "/nix/store/cz4rjcd28s9qqk2zcnn9d8pgs5l6qqy9-gnumake-4.4.1"
        },
        "aarch64-linux": {
          "outputs": [
            {
              "name": "out",
              "path": "/nix/store/z9wllcd2plhx8863ka0zfh0mffxm6jir-gnumake-4.4.1",
              "default": true
            },
            {
              "name": "man",
              "path": "/nix/store/i0rnnv9fm87c0228z34pgvk24ifqn6bm-gnumake-4.4.1-man",
              "default": true
            },
            {
              "name": "debug",
              "path": "/nix/store/4wnafz38wr2jld58vr5j41b6mc4n26r6-gnumake-4.4.1-debug"
            },
            {
              "name": "doc",
              "path": "/nix/store/15r3aanv0lh7mqi1gm3l8blpcnp05qzy-gnumake-4.4.1-doc"
            },
            {
              "name": "info",
              "path": "/nix/store/gjd78rqz1k94n1c2s2kip126f8gjbb6g-gnumake-4.4.1-info"
            }
          ],
          "store_path": "/nix/store/z9wllcd2plhx8863ka0zfh0mffxm6jir-gnumake-4.4.1"
        },
        "x86_64-darwin": {
          "outputs": [
            {
              "name": "out",
              "path": "/nix/store/sqp22z2pm7s7n0wb3al4c3h47shw5aic-gnumake-4.4.1",
              "default": true
            },
            {
              "name": "man",
              "path": "/nix/store/x7p2q0wx9828p9n8r3pisbijncsfphvr-gnumake-4.4.1-man",
              "default": true
            },
            {
              "name": "doc",
              "path": "/nix/store/2kpsfrqzyr0kzckkdjbqnsdcz2d719lk-gnumake-4.4.1-doc"
            },
            {
              "name": "info",
              "path": "/nix/store/jlb9r2mzq8660lhn9my1pgri15jiqljq-gnumake-4.4.1-info"
            }
          ],
          "store_path": "/nix/store/sqp22z2pm7s7n0wb3al4c3h47shw5aic-gnumake-4.4.1"
        },
        "x86_64-linux": {
          "outputs": [
            {
              "name": "out",
              "path": "/nix/store/5lyy21zm97pj8l67r2xapdkxpxb6v6y0-gnumake-4.4.1",
              "default": true
            },
            {
              "name": "man",
              "path": "/nix/store/an38a5jy0ivp1504yjbzgl4prvhjnix7-gnumake-4.4.1-man",
              "default": true
            },
            {
              "name": "debug",
              "path": "/nix/store/fa0f3msdrc5il96nn5qvrbhf6779vvh1-gnumake-4.4.1-debug"
            },
            {
              "name": "doc",
              "path": "/nix/store/j2vz6gm38023yfg359cnawzvabqc0w9v-gnumake-4.4.1-doc"
            },
            {
              "name": "info",
              "path": "/nix/store/2pqq9mdchp0s0cgl1qqql38v502kbdi1-gnumake-4.4.1-info"
            }
          ],
          "store_path": "/nix/store/5lyy21zm97pj8l67r2xapdkxpxb6v6y0-gnumake-4.4.1"
        }
      }
    },
    "go@1.25.5": {
      "last_modified": "2026-01-23T17:20:52Z",
      "resolved": "github:NixOS/nixpkgs/a1bab9e494f5f4939442a57a58d0449a109593fe#go",
      "source": "devbox-search",
      "version": "1.25.5",
      "systems": {
        "aarch64-darwin": {
          "outputs": [
            {
              "name": "out",
              "path": "/nix/store/wh88zz6r1ihcp2mm7ys1f2anp8aga6n2-go-1.25.5",
              "default": true
            }
          ],
          "store_path": "/nix/store/wh88zz6r1ihcp2mm7ys1f2anp8aga6n2-go-1.25.5"
        },
        "aarch64-linux": {
          "outputs": [
            {
              "name": "out",
              "path": "/nix/store/k3knzdi0v21bf2m7vcxpdy1jnqg1h0zk-go-1.25.5",
              "default": true
            }
          ],
          "store_path": "/nix/store/k3knzdi0v21bf2m7vcxpdy1jnqg1h0zk-go-1.25.5"
        },
        "x86_64-darwin": {
          "outputs": [
            {
              "name": "out",
              "path": "/nix/store/bwdahzajhqd5x14dbvkqww5f1wpsxif3-go-1.25.5",
              "default": true
            }
          ],
          "store_path": "/nix/store/bwdahzajhqd5x14dbvkqww5f1wpsxif3-go-1.25.5"
        },
        "x86_64-linux": {
          "outputs": [
            {
              "name": "out",
              "path": "/nix/store/zzvsjgylnphvhms3lgr2qlwdxmc68z66-go-1.25.5",
              "default": true
            }
          ],
          "store_path": "/nix/store/zzvsjgylnphvhms3lgr2qlwdxmc68z66-go-1.25.5"
        }
      }
    },
    "golangci-lint@latest": {
      "last_modified": "2026-01-23T17:20:52Z",
      "resolved": "github:NixOS/nixpkgs/a1bab9e494f5f4939442a57a58d0449a109593fe#golangci-lint",
      "source": "devbox-search",
      "version": "2.8.0",
      "systems": {
        "aarch64-darwin": {
          "outputs": [
            {
              "name": "out",
              "path": "/nix/store/ci7qq9jsgk0v1f0pzs7kb0v9rk5zwyck-golangci-lint-2.8.0",
              "default": true
            }
          ],
          "store_path": "/nix/store/ci7qq9jsgk0v1f0pzs7kb0v9rk5zwyck-golangci-lint-2.8.0"
        },
        "aarch64-linux": {
          "outputs": [
            {
              "name": "out",
              "path": "/nix/store/ly2sk4i2qj8gfb0l7m5sxvyv7c8rn273-golangci-lint-2.8.0",
              "default": true
            }
          ],
          "store_path": "/nix/store/ly2sk4i2qj8gfb0l7m5sxvyv7c8rn273-golangci-lint-2.8.0"
        },
        "x86_64-darwin": {
          "outputs": [
            {
              "name": "out",
              "path": "/nix/store/r1m8175dhby0agi1r43ic2scrphsjnlb-golangci-lint-2.8.0",
              "default": true
            }
          ],
          "store_path": "/nix/store/r1m8175dhby0agi1r43ic2scrphsjnlb-golangci-lint-2.8.0"
        },
        "x86_64-linux": {
          "outputs": [
            {
              "name": "out",
              "path": "/nix/store/kj9ibnlg1p3macpcw8lm4rhpcwgfjal1-golangci-lint-2.8.0",
              "default": true
            }
          ],
          "store_path": "/nix/store/kj9ibnlg1p3macpcw8lm4rhpcwgfjal1-golangci-lint-2.8.0"
        }
      }
    },
    "goreleaser@latest": {
      "last_modified": "2026-01-23T17:20:52Z",
      "resolved": "github:NixOS/nixpkgs/a1bab9e494f5f4939442a57a58d0449a109593fe#goreleaser",
      "source": "devbox-search",
      "version": "2.13.3",
      "systems": {
        "aarch64-darwin": {
          "outputs": [
            {
              "name": "out",
              "path": "/nix/store/04l59s6yaxfn4mx6m0wcvkk4skzawd9y-goreleaser-2.13.3",
              "default": true
            }
          ],
          "store_path": "/nix/store/04l59s6yaxfn4mx6m0wcvkk4skzawd9y-goreleaser-2.13.3"
        },
        "aarch64-linux": {
          "outputs": [
            {
              "name": "out",
              "path": "/nix/store/4b8y96z5wsn04glwhqy9nl4jj2x12ic0-goreleaser-2.13.3",
              "default": true
            }
          ],
          "store_path": "/nix/store/4b8y96z5wsn04glwhqy9nl4jj2x12ic0-goreleaser-2.13.3"
        },
        "x86_64-darwin": {
          "outputs": [
            {
              "name": "out",
              "path": "/nix/store/f0x8i0j9bqmif4jx79z28kxqz8ak694h-goreleaser-2.13.3",
              "default": true
            }
          ],
          "store_path": "/nix/store/f0x8i0j9bqmif4jx79z28kxqz8ak694h-goreleaser-2.13.3"
        },
        "x86_64-linux": {
          "outputs": [
            {
              "name": "out",
              "path": "/nix/store/i4ilqzqm4qagpc0wvhi99byx714cm5bb-goreleaser-2.13.3",
              "default": true
            }
          ],
          "store_path": "/nix/store/i4ilqzqm4qagpc0wvhi99byx714cm5bb-goreleaser-2.13.3"
        }
      }
    },
    "nodejs@latest": {
      "last_modified": "2026-02-06T12:24:04Z",
      "plugin_version": "0.0.2",
      "resolved": "github:NixOS/nixpkgs/ae67888ff7ef9dff69b3cf0cc0fbfbcd3a722abe#nodejs_25",
      "source": "devbox-search",
      "version": "25.6.0",
      "systems": {
        "aarch64-darwin": {
          "outputs": [
            {
              "name": "out",
              "path": "/nix/store/8c4nmc0bf68hjwqynn6akiyf6wpig1w1-nodejs-25.6.0",
              "default": true
            },
            {
              "name": "dev",
              "path": "/nix/store/5w3rd6zkcllysnjza8zzxpigx1f2ylb0-nodejs-25.6.0-dev"
            },
            {
              "name": "libv8",
              "path": "/nix/store/kzds777k7j3b9m9h7xvmgfk0ns5b9s1x-nodejs-25.6.0-libv8"
            }
          ],
          "store_path": "/nix/store/8c4nmc0bf68hjwqynn6akiyf6wpig1w1-nodejs-25.6.0"
        },
        "aarch64-linux": {
          "outputs": [
            {
              "name": "out",
              "path": "/nix/store/jvl4b0b0k3xhrva7zqqbi86l6vd1v95z-nodejs-25.6.0",
              "default": true
            },
            {
              "name": "dev",
              "path": "/nix/store/v384glc8b42ka95z6zdiq1xcd2lv109n-nodejs-25.6.0-dev"
            },
            {
              "name": "libv8",
              "path": "/nix/store/6390j96zq92fmx2w1jk1q8fz367dvaqr-nodejs-25.6.0-libv8"
            }
          ],
          "store_path": "/nix/store/jvl4b0b0k3xhrva7zqqbi86l6vd1v95z-nodejs-25.6.0"
        },
        "x86_64-darwin": {
          "outputs": [
            {
              "name": "out",
              "path": "/nix/store/ynv28gii2ajgbljvg86c2z8bqc6vbdi4-nodejs-25.6.0",
              "default": true
            },
            {
              "name": "dev",
              "path": "/nix/store/n36qglbhcjaa70vz77gqkgv9znbjv3ma-nodejs-25.6.0-dev"
            },
            {
              "name": "libv8",
              "path": "/nix/store/1s644jkkd03nc75k4vkvcg5gnnz8gscf-nodejs-25.6.0-libv8"
            }
          ],
          "store_path": "/nix/store/ynv28gii2ajgbljvg86c2z8bqc6vbdi4-nodejs-25.6.0"
        },
        "x86_64-linux": {
          "outputs": [
            {
              "name": "out",
              "path": "/nix/store/x7mahrb2pll9cnzr495i0bvm3ga2n5a8-nodejs-25.6.0",
              "default": true
            },
            {
              "name": "dev",
              "path": "/nix/store/06dwppmr769vflfnpayy2y461qzfgm41-nodejs-25.6.0-dev"
            },
            {
              "name": "libv8",
              "path": "/nix/store/y4d13cm8giv6n6fw1406cwq1hgnhrx36-nodejs-25.6.0-libv8"
            }
          ],
          "store_path": "/nix/store/x7mahrb2pll9cnzr495i0bvm3ga2n5a8-nodejs-25.6.0"
        }
      }
    }
  }
}
